
Microsoft Visual Studio Solution File, Format Version 12.00
# Visual Studio Version 16
VisualStudioVersion = 16.0.29509.3
MinimumVisualStudioVersion = 10.0.40219.1
Project("{FAE04EC0-301F-11D3-BF4B-00C04F79EFBC}") = "NielsenPDFv2", "NielsenPDFv2.csproj", "{BEDA13A5-03EF-4DFA-AC22-4E5641A9AE54}"
EndProject
Global
	GlobalSection(SolutionConfigurationPlatforms) = preSolution
		Debug|Any CPU = Debug|Any CPU
		Release|Any CPU = Release|Any CPU
	EndGlobalSection
	GlobalSection(ProjectConfigurationPlatforms) = postSolution
		{BEDA13A5-03EF-4DFA-AC22-4E5641A9AE54}.Debug|Any CPU.ActiveCfg = Debug|Any CPU
		{BEDA13A5-03EF-4DFA-AC22-4E5641A9AE54}.Debug|Any CPU.Build.0 = Debug|Any CPU
		{BEDA13A5-03EF-4DFA-AC22-4E5641A9AE54}.Release|Any CPU.ActiveCfg = Release|Any CPU
		{BEDA13A5-03EF-4DFA-AC22-4E5641A9AE54}.Release|Any CPU.Build.0 = Release|Any CPU
	EndGlobalSection
	GlobalSection(SolutionProperties) = preSolution
		HideSolutionNode = FALSE
	EndGlobalSection
	GlobalSection(ExtensibilityGlobals) = postSolution
		SolutionGuid = {7F0E75E7-D7AB-475A-A17A-8AA11F945C4B}
	EndGlobalSection
EndGlobal
